
Microsoft Visual Studio Solution File, Format Version 12.00
# Visual Studio 2013
VisualStudioVersion = 12.0.21005.1
MinimumVisualStudioVersion = 10.0.40219.1
Project("{FAE04EC0-301F-11D3-BF4B-00C04F79EFBC}") = "Contracts", "Contracts\Contracts.csproj", "{CE692932-AF80-4299-8A3C-141F7E28C556}"
EndProject
Project("{FAE04EC0-301F-11D3-BF4B-00C04F79EFBC}") = "Customer", "Customer\Customer.csproj", "{628C4168-03FF-457F-9252-23F3B73DD8E3}"
EndProject
Project("{FAE04EC0-301F-11D3-BF4B-00C04F79EFBC}") = "PaymentProcessor", "PaymentProcessor\PaymentProcessor.csproj", "{BC935DC1-D360-4611-806B-7CF64784F841}"
EndProject
Project("{FAE04EC0-301F-11D3-BF4B-00C04F79EFBC}") = "Packager", "Packager\Packager.csproj", "{1B05E32B-701A-4A21-8D17-89DBE7053C90}"
EndProject
Project("{FAE04EC0-301F-11D3-BF4B-00C04F79EFBC}") = "Shipper", "Shipper\Shipper.csproj", "{9E777E9B-A89B-44B3-9223-3A575BDD3076}"
EndProject
Project("{FAE04EC0-301F-11D3-BF4B-00C04F79EFBC}") = "Coordinator", "Coordinator\Coordinator.csproj", "{86D5A0D8-F1B3-48B7-941E-DFC43C24F598}"
EndProject
Project("{2150E333-8FDC-42A3-9474-1A3956D46DE8}") = ".nuget", ".nuget", "{90993ECF-3658-46F2-BC7B-7296EC3D1F0F}"
	ProjectSection(SolutionItems) = preProject
		.nuget\NuGet.Config = .nuget\NuGet.Config
		.nuget\NuGet.exe = .nuget\NuGet.exe
		.nuget\NuGet.targets = .nuget\NuGet.targets
	EndProjectSection
EndProject
Global
	GlobalSection(SolutionConfigurationPlatforms) = preSolution
		Debug|Any CPU = Debug|Any CPU
		Release|Any CPU = Release|Any CPU
	EndGlobalSection
	GlobalSection(ProjectConfigurationPlatforms) = postSolution
		{CE692932-AF80-4299-8A3C-141F7E28C556}.Debug|Any CPU.ActiveCfg = Debug|Any CPU
		{CE692932-AF80-4299-8A3C-141F7E28C556}.Debug|Any CPU.Build.0 = Debug|Any CPU
		{CE692932-AF80-4299-8A3C-141F7E28C556}.Release|Any CPU.ActiveCfg = Release|Any CPU
		{CE692932-AF80-4299-8A3C-141F7E28C556}.Release|Any CPU.Build.0 = Release|Any CPU
		{628C4168-03FF-457F-9252-23F3B73DD8E3}.Debug|Any CPU.ActiveCfg = Debug|Any CPU
		{628C4168-03FF-457F-9252-23F3B73DD8E3}.Debug|Any CPU.Build.0 = Debug|Any CPU
		{628C4168-03FF-457F-9252-23F3B73DD8E3}.Release|Any CPU.ActiveCfg = Release|Any CPU
		{628C4168-03FF-457F-9252-23F3B73DD8E3}.Release|Any CPU.Build.0 = Release|Any CPU
		{BC935DC1-D360-4611-806B-7CF64784F841}.Debug|Any CPU.ActiveCfg = Debug|Any CPU
		{BC935DC1-D360-4611-806B-7CF64784F841}.Debug|Any CPU.Build.0 = Debug|Any CPU
		{BC935DC1-D360-4611-806B-7CF64784F841}.Release|Any CPU.ActiveCfg = Release|Any CPU
		{BC935DC1-D360-4611-806B-7CF64784F841}.Release|Any CPU.Build.0 = Release|Any CPU
		{1B05E32B-701A-4A21-8D17-89DBE7053C90}.Debug|Any CPU.ActiveCfg = Debug|Any CPU
		{1B05E32B-701A-4A21-8D17-89DBE7053C90}.Debug|Any CPU.Build.0 = Debug|Any CPU
		{1B05E32B-701A-4A21-8D17-89DBE7053C90}.Release|Any CPU.ActiveCfg = Release|Any CPU
		{1B05E32B-701A-4A21-8D17-89DBE7053C90}.Release|Any CPU.Build.0 = Release|Any CPU
		{9E777E9B-A89B-44B3-9223-3A575BDD3076}.Debug|Any CPU.ActiveCfg = Debug|Any CPU
		{9E777E9B-A89B-44B3-9223-3A575BDD3076}.Debug|Any CPU.Build.0 = Debug|Any CPU
		{9E777E9B-A89B-44B3-9223-3A575BDD3076}.Release|Any CPU.ActiveCfg = Release|Any CPU
		{9E777E9B-A89B-44B3-9223-3A575BDD3076}.Release|Any CPU.Build.0 = Release|Any CPU
		{86D5A0D8-F1B3-48B7-941E-DFC43C24F598}.Debug|Any CPU.ActiveCfg = Debug|Any CPU
		{86D5A0D8-F1B3-48B7-941E-DFC43C24F598}.Debug|Any CPU.Build.0 = Debug|Any CPU
		{86D5A0D8-F1B3-48B7-941E-DFC43C24F598}.Release|Any CPU.ActiveCfg = Release|Any CPU
		{86D5A0D8-F1B3-48B7-941E-DFC43C24F598}.Release|Any CPU.Build.0 = Release|Any CPU
	EndGlobalSection
	GlobalSection(SolutionProperties) = preSolution
		HideSolutionNode = FALSE
	EndGlobalSection
EndGlobal
