
Microsoft Visual Studio Solution File, Format Version 12.00
# Visual Studio 2012
Project("{CC5FD16D-436D-48AD-A40C-5A424C6E3E79}") = "TableStorage", "TableStorage\TableStorage.ccproj", "{76176B4A-87C3-4D07-BAEB-50C25204D183}"
EndProject
Project("{FAE04EC0-301F-11D3-BF4B-00C04F79EFBC}") = "EventyStoreySitey", "EventyStoreySitey\EventyStoreySitey.csproj", "{B1CFADE9-86EA-4E20-BE6A-97F9CFF2B974}"
EndProject
Global
	GlobalSection(SolutionConfigurationPlatforms) = preSolution
		Debug|Any CPU = Debug|Any CPU
		Release|Any CPU = Release|Any CPU
	EndGlobalSection
	GlobalSection(ProjectConfigurationPlatforms) = postSolution
		{76176B4A-87C3-4D07-BAEB-50C25204D183}.Debug|Any CPU.ActiveCfg = Debug|Any CPU
		{76176B4A-87C3-4D07-BAEB-50C25204D183}.Debug|Any CPU.Build.0 = Debug|Any CPU
		{76176B4A-87C3-4D07-BAEB-50C25204D183}.Release|Any CPU.ActiveCfg = Release|Any CPU
		{76176B4A-87C3-4D07-BAEB-50C25204D183}.Release|Any CPU.Build.0 = Release|Any CPU
		{B1CFADE9-86EA-4E20-BE6A-97F9CFF2B974}.Debug|Any CPU.ActiveCfg = Debug|Any CPU
		{B1CFADE9-86EA-4E20-BE6A-97F9CFF2B974}.Debug|Any CPU.Build.0 = Debug|Any CPU
		{B1CFADE9-86EA-4E20-BE6A-97F9CFF2B974}.Release|Any CPU.ActiveCfg = Release|Any CPU
		{B1CFADE9-86EA-4E20-BE6A-97F9CFF2B974}.Release|Any CPU.Build.0 = Release|Any CPU
	EndGlobalSection
	GlobalSection(SolutionProperties) = preSolution
		HideSolutionNode = FALSE
	EndGlobalSection
EndGlobal
