
Microsoft Visual Studio Solution File, Format Version 12.00
# Visual Studio 2013
VisualStudioVersion = 12.0.31101.0
MinimumVisualStudioVersion = 10.0.40219.1
Project("{CC5FD16D-436D-48AD-A40C-5A424C6E3E79}") = "TableStorage", "TableStorage\TableStorage.ccproj", "{D9A22CE8-5E53-4E8A-B4C5-71BC0D5C1D10}"
EndProject
Project("{FAE04EC0-301F-11D3-BF4B-00C04F79EFBC}") = "EventyStoreySitey", "EventyStoreySitey\EventyStoreySitey.csproj", "{84FCB769-6A54-4BA4-9477-9F07F437E0F1}"
EndProject
Project("{2150E333-8FDC-42A3-9474-1A3956D46DE8}") = ".nuget", ".nuget", "{F6CA90E3-BC04-441E-8C55-9681098C9993}"
	ProjectSection(SolutionItems) = preProject
		.nuget\NuGet.Config = .nuget\NuGet.Config
		.nuget\NuGet.exe = .nuget\NuGet.exe
		.nuget\NuGet.targets = .nuget\NuGet.targets
	EndProjectSection
EndProject
Global
	GlobalSection(SolutionConfigurationPlatforms) = preSolution
		Debug|Any CPU = Debug|Any CPU
		Release|Any CPU = Release|Any CPU
	EndGlobalSection
	GlobalSection(ProjectConfigurationPlatforms) = postSolution
		{D9A22CE8-5E53-4E8A-B4C5-71BC0D5C1D10}.Debug|Any CPU.ActiveCfg = Debug|Any CPU
		{D9A22CE8-5E53-4E8A-B4C5-71BC0D5C1D10}.Debug|Any CPU.Build.0 = Debug|Any CPU
		{D9A22CE8-5E53-4E8A-B4C5-71BC0D5C1D10}.Release|Any CPU.ActiveCfg = Release|Any CPU
		{D9A22CE8-5E53-4E8A-B4C5-71BC0D5C1D10}.Release|Any CPU.Build.0 = Release|Any CPU
		{84FCB769-6A54-4BA4-9477-9F07F437E0F1}.Debug|Any CPU.ActiveCfg = Debug|Any CPU
		{84FCB769-6A54-4BA4-9477-9F07F437E0F1}.Debug|Any CPU.Build.0 = Debug|Any CPU
		{84FCB769-6A54-4BA4-9477-9F07F437E0F1}.Release|Any CPU.ActiveCfg = Release|Any CPU
		{84FCB769-6A54-4BA4-9477-9F07F437E0F1}.Release|Any CPU.Build.0 = Release|Any CPU
	EndGlobalSection
	GlobalSection(SolutionProperties) = preSolution
		HideSolutionNode = FALSE
	EndGlobalSection
EndGlobal
