
Microsoft Visual Studio Solution File, Format Version 12.00
# Visual Studio 15
VisualStudioVersion = 15.0.26124.0
MinimumVisualStudioVersion = 15.0.26124.0
Project("{FAE04EC0-301F-11D3-BF4B-00C04F79EFBC}") = "library", "library\library.csproj", "{9F74E807-F40A-476D-8A0B-3FF5A0D86BF5}"
EndProject
Project("{FAE04EC0-301F-11D3-BF4B-00C04F79EFBC}") = "test-library", "test-library\test-library.csproj", "{6825790E-6952-4E27-B7F7-5480D9CFDCB0}"
EndProject
Project("{FAE04EC0-301F-11D3-BF4B-00C04F79EFBC}") = "app", "app\app.csproj", "{D1AD2224-1344-468D-A577-FDD9ED71208C}"
EndProject
Global
	GlobalSection(SolutionConfigurationPlatforms) = preSolution
		Debug|Any CPU = Debug|Any CPU
		Debug|x64 = Debug|x64
		Debug|x86 = Debug|x86
		Release|Any CPU = Release|Any CPU
		Release|x64 = Release|x64
		Release|x86 = Release|x86
	EndGlobalSection
	GlobalSection(SolutionProperties) = preSolution
		HideSolutionNode = FALSE
	EndGlobalSection
	GlobalSection(ProjectConfigurationPlatforms) = postSolution
		{9F74E807-F40A-476D-8A0B-3FF5A0D86BF5}.Debug|Any CPU.ActiveCfg = Debug|Any CPU
		{9F74E807-F40A-476D-8A0B-3FF5A0D86BF5}.Debug|Any CPU.Build.0 = Debug|Any CPU
		{9F74E807-F40A-476D-8A0B-3FF5A0D86BF5}.Debug|x64.ActiveCfg = Debug|Any CPU
		{9F74E807-F40A-476D-8A0B-3FF5A0D86BF5}.Debug|x64.Build.0 = Debug|Any CPU
		{9F74E807-F40A-476D-8A0B-3FF5A0D86BF5}.Debug|x86.ActiveCfg = Debug|Any CPU
		{9F74E807-F40A-476D-8A0B-3FF5A0D86BF5}.Debug|x86.Build.0 = Debug|Any CPU
		{9F74E807-F40A-476D-8A0B-3FF5A0D86BF5}.Release|Any CPU.ActiveCfg = Release|Any CPU
		{9F74E807-F40A-476D-8A0B-3FF5A0D86BF5}.Release|Any CPU.Build.0 = Release|Any CPU
		{9F74E807-F40A-476D-8A0B-3FF5A0D86BF5}.Release|x64.ActiveCfg = Release|Any CPU
		{9F74E807-F40A-476D-8A0B-3FF5A0D86BF5}.Release|x64.Build.0 = Release|Any CPU
		{9F74E807-F40A-476D-8A0B-3FF5A0D86BF5}.Release|x86.ActiveCfg = Release|Any CPU
		{9F74E807-F40A-476D-8A0B-3FF5A0D86BF5}.Release|x86.Build.0 = Release|Any CPU
		{6825790E-6952-4E27-B7F7-5480D9CFDCB0}.Debug|Any CPU.ActiveCfg = Debug|Any CPU
		{6825790E-6952-4E27-B7F7-5480D9CFDCB0}.Debug|Any CPU.Build.0 = Debug|Any CPU
		{6825790E-6952-4E27-B7F7-5480D9CFDCB0}.Debug|x64.ActiveCfg = Debug|Any CPU
		{6825790E-6952-4E27-B7F7-5480D9CFDCB0}.Debug|x64.Build.0 = Debug|Any CPU
		{6825790E-6952-4E27-B7F7-5480D9CFDCB0}.Debug|x86.ActiveCfg = Debug|Any CPU
		{6825790E-6952-4E27-B7F7-5480D9CFDCB0}.Debug|x86.Build.0 = Debug|Any CPU
		{6825790E-6952-4E27-B7F7-5480D9CFDCB0}.Release|Any CPU.ActiveCfg = Release|Any CPU
		{6825790E-6952-4E27-B7F7-5480D9CFDCB0}.Release|Any CPU.Build.0 = Release|Any CPU
		{6825790E-6952-4E27-B7F7-5480D9CFDCB0}.Release|x64.ActiveCfg = Release|Any CPU
		{6825790E-6952-4E27-B7F7-5480D9CFDCB0}.Release|x64.Build.0 = Release|Any CPU
		{6825790E-6952-4E27-B7F7-5480D9CFDCB0}.Release|x86.ActiveCfg = Release|Any CPU
		{6825790E-6952-4E27-B7F7-5480D9CFDCB0}.Release|x86.Build.0 = Release|Any CPU
		{D1AD2224-1344-468D-A577-FDD9ED71208C}.Debug|Any CPU.ActiveCfg = Debug|Any CPU
		{D1AD2224-1344-468D-A577-FDD9ED71208C}.Debug|Any CPU.Build.0 = Debug|Any CPU
		{D1AD2224-1344-468D-A577-FDD9ED71208C}.Debug|x64.ActiveCfg = Debug|Any CPU
		{D1AD2224-1344-468D-A577-FDD9ED71208C}.Debug|x64.Build.0 = Debug|Any CPU
		{D1AD2224-1344-468D-A577-FDD9ED71208C}.Debug|x86.ActiveCfg = Debug|Any CPU
		{D1AD2224-1344-468D-A577-FDD9ED71208C}.Debug|x86.Build.0 = Debug|Any CPU
		{D1AD2224-1344-468D-A577-FDD9ED71208C}.Release|Any CPU.ActiveCfg = Release|Any CPU
		{D1AD2224-1344-468D-A577-FDD9ED71208C}.Release|Any CPU.Build.0 = Release|Any CPU
		{D1AD2224-1344-468D-A577-FDD9ED71208C}.Release|x64.ActiveCfg = Release|Any CPU
		{D1AD2224-1344-468D-A577-FDD9ED71208C}.Release|x64.Build.0 = Release|Any CPU
		{D1AD2224-1344-468D-A577-FDD9ED71208C}.Release|x86.ActiveCfg = Release|Any CPU
		{D1AD2224-1344-468D-A577-FDD9ED71208C}.Release|x86.Build.0 = Release|Any CPU
	EndGlobalSection
EndGlobal
