
Microsoft Visual Studio Solution File, Format Version 12.00
# Visual Studio 2013
VisualStudioVersion = 12.0.21005.1
MinimumVisualStudioVersion = 10.0.40219.1
Project("{CC5FD16D-436D-48AD-A40C-5A424C6E3E79}") = "WebApiOwin", "WebApiOwin\WebApiOwin.ccproj", "{53817C43-B508-4C6E-BEAF-46FBCE5BA406}"
EndProject
Project("{FAE04EC0-301F-11D3-BF4B-00C04F79EFBC}") = "WebApiRole", "WebApiRole\WebApiRole.csproj", "{89D1131D-99C0-479C-9415-95D52BB6894C}"
EndProject
Global
	GlobalSection(SolutionConfigurationPlatforms) = preSolution
		Debug|Any CPU = Debug|Any CPU
		Release|Any CPU = Release|Any CPU
	EndGlobalSection
	GlobalSection(ProjectConfigurationPlatforms) = postSolution
		{53817C43-B508-4C6E-BEAF-46FBCE5BA406}.Debug|Any CPU.ActiveCfg = Debug|Any CPU
		{53817C43-B508-4C6E-BEAF-46FBCE5BA406}.Debug|Any CPU.Build.0 = Debug|Any CPU
		{53817C43-B508-4C6E-BEAF-46FBCE5BA406}.Release|Any CPU.ActiveCfg = Release|Any CPU
		{53817C43-B508-4C6E-BEAF-46FBCE5BA406}.Release|Any CPU.Build.0 = Release|Any CPU
		{89D1131D-99C0-479C-9415-95D52BB6894C}.Debug|Any CPU.ActiveCfg = Debug|Any CPU
		{89D1131D-99C0-479C-9415-95D52BB6894C}.Debug|Any CPU.Build.0 = Debug|Any CPU
		{89D1131D-99C0-479C-9415-95D52BB6894C}.Release|Any CPU.ActiveCfg = Release|Any CPU
		{89D1131D-99C0-479C-9415-95D52BB6894C}.Release|Any CPU.Build.0 = Release|Any CPU
	EndGlobalSection
	GlobalSection(SolutionProperties) = preSolution
		HideSolutionNode = FALSE
	EndGlobalSection
EndGlobal
